// !$*UTF8*$!
{
	archiveVersion = 1;
	classes = {
	};
	objectVersion = 50;
	objects = {

/* Begin PBXBuildFile section */
		592967F423C1BE89006AF785 /* AppDelegate.swift in Sources */ = {isa = PBXBuildFile; fileRef = 592967F323C1BE89006AF785 /* AppDelegate.swift */; };
		592967F623C1BE89006AF785 /* SceneDelegate.swift in Sources */ = {isa = PBXBuildFile; fileRef = 592967F523C1BE89006AF785 /* SceneDelegate.swift */; };
		592967F823C1BE89006AF785 /* ContentView.swift in Sources */ = {isa = PBXBuildFile; fileRef = 592967F723C1BE89006AF785 /* ContentView.swift */; };
		592967FA23C1BE8B006AF785 /* Assets.xcassets in Resources */ = {isa = PBXBuildFile; fileRef = 592967F923C1BE8B006AF785 /* Assets.xcassets */; };
		592967FD23C1BE8B006AF785 /* Preview Assets.xcassets in Resources */ = {isa = PBXBuildFile; fileRef = 592967FC23C1BE8B006AF785 /* Preview Assets.xcassets */; };
		5929680023C1BE8B006AF785 /* LaunchScreen.storyboard in Resources */ = {isa = PBXBuildFile; fileRef = 592967FE23C1BE8B006AF785 /* LaunchScreen.storyboard */; };
		5929680B23C1BE8B006AF785 /* appSwiftUITests.swift in Sources */ = {isa = PBXBuildFile; fileRef = 5929680A23C1BE8B006AF785 /* appSwiftUITests.swift */; };
		5929681623C1BE8B006AF785 /* appSwiftUIUITests.swift in Sources */ = {isa = PBXBuildFile; fileRef = 5929681523C1BE8B006AF785 /* appSwiftUIUITests.swift */; };
/* End PBXBuildFile section */

/* Begin PBXContainerItemProxy section */
		5929680723C1BE8B006AF785 /* PBXContainerItemProxy */ = {
			isa = PBXContainerItemProxy;
			containerPortal = 592967E823C1BE89006AF785 /* Project object */;
			proxyType = 1;
			remoteGlobalIDString = 592967EF23C1BE89006AF785;
			remoteInfo = appSwiftUI;
		};
		5929681223C1BE8B006AF785 /* PBXContainerItemProxy */ = {
			isa = PBXContainerItemProxy;
			containerPortal = 592967E823C1BE89006AF785 /* Project object */;
			proxyType = 1;
			remoteGlobalIDString = 592967EF23C1BE89006AF785;
			remoteInfo = appSwiftUI;
		};
/* End PBXContainerItemProxy section */

/* Begin PBXFileReference section */
		592967F023C1BE89006AF785 /* appSwiftUI.app */ = {isa = PBXFileReference; explicitFileType = wrapper.application; includeInIndex = 0; path = appSwiftUI.app; sourceTree = BUILT_PRODUCTS_DIR; };
		592967F323C1BE89006AF785 /* AppDelegate.swift */ = {isa = PBXFileReference; lastKnownFileType = sourcecode.swift; path = AppDelegate.swift; sourceTree = "<group>"; };
		592967F523C1BE89006AF785 /* SceneDelegate.swift */ = {isa = PBXFileReference; lastKnownFileType = sourcecode.swift; path = SceneDelegate.swift; sourceTree = "<group>"; };
		592967F723C1BE89006AF785 /* ContentView.swift */ = {isa = PBXFileReference; lastKnownFileType = sourcecode.swift; path = ContentView.swift; sourceTree = "<group>"; };
		592967F923C1BE8B006AF785 /* Assets.xcassets */ = {isa = PBXFileReference; lastKnownFileType = folder.assetcatalog; path = Assets.xcassets; sourceTree = "<group>"; };
		592967FC23C1BE8B006AF785 /* Preview Assets.xcassets */ = {isa = PBXFileReference; lastKnownFileType = folder.assetcatalog; path = "Preview Assets.xcassets"; sourceTree = "<group>"; };
		592967FF23C1BE8B006AF785 /* Base */ = {isa = PBXFileReference; lastKnownFileType = file.storyboard; name = Base; path = Base.lproj/LaunchScreen.storyboard; sourceTree = "<group>"; };
		5929680123C1BE8B006AF785 /* Info.plist */ = {isa = PBXFileReference; lastKnownFileType = text.plist.xml; path = Info.plist; sourceTree = "<group>"; };
		5929680623C1BE8B006AF785 /* appSwiftUITests.xctest */ = {isa = PBXFileReference; explicitFileType = wrapper.cfbundle; includeInIndex = 0; path = appSwiftUITests.xctest; sourceTree = BUILT_PRODUCTS_DIR; };
		5929680A23C1BE8B006AF785 /* appSwiftUITests.swift */ = {isa = PBXFileReference; lastKnownFileType = sourcecode.swift; path = appSwiftUITests.swift; sourceTree = "<group>"; };
		5929680C23C1BE8B006AF785 /* Info.plist */ = {isa = PBXFileReference; lastKnownFileType = text.plist.xml; path = Info.plist; sourceTree = "<group>"; };
		5929681123C1BE8B006AF785 /* appSwiftUIUITests.xctest */ = {isa = PBXFileReference; explicitFileType = wrapper.cfbundle; includeInIndex = 0; path = appSwiftUIUITests.xctest; sourceTree = BUILT_PRODUCTS_DIR; };
		5929681523C1BE8B006AF785 /* appSwiftUIUITests.swift */ = {isa = PBXFileReference; lastKnownFileType = sourcecode.swift; path = appSwiftUIUITests.swift; sourceTree = "<group>"; };
		5929681723C1BE8B006AF785 /* Info.plist */ = {isa = PBXFileReference; lastKnownFileType = text.plist.xml; path = Info.plist; sourceTree = "<group>"; };
/* End PBXFileReference section */

/* Begin PBXFrameworksBuildPhase section */
		592967ED23C1BE89006AF785 /* Frameworks */ = {
			isa = PBXFrameworksBuildPhase;
			buildActionMask = 2147483647;
			files = (
			);
			runOnlyForDeploymentPostprocessing = 0;
		};
		5929680323C1BE8B006AF785 /* Frameworks */ = {
			isa = PBXFrameworksBuildPhase;
			buildActionMask = 2147483647;
			files = (
			);
			runOnlyForDeploymentPostprocessing = 0;
		};
		5929680E23C1BE8B006AF785 /* Frameworks */ = {
			isa = PBXFrameworksBuildPhase;
			buildActionMask = 2147483647;
			files = (
			);
			runOnlyForDeploymentPostprocessing = 0;
		};
/* End PBXFrameworksBuildPhase section */

/* Begin PBXGroup section */
		592967E723C1BE89006AF785 = {
			isa = PBXGroup;
			children = (
				592967F223C1BE89006AF785 /* appSwiftUI */,
				5929680923C1BE8B006AF785 /* appSwiftUITests */,
				5929681423C1BE8B006AF785 /* appSwiftUIUITests */,
				592967F123C1BE89006AF785 /* Products */,
			);
			sourceTree = "<group>";
		};
		592967F123C1BE89006AF785 /* Products */ = {
			isa = PBXGroup;
			children = (
				592967F023C1BE89006AF785 /* appSwiftUI.app */,
				5929680623C1BE8B006AF785 /* appSwiftUITests.xctest */,
				5929681123C1BE8B006AF785 /* appSwiftUIUITests.xctest */,
			);
			name = Products;
			sourceTree = "<group>";
		};
		592967F223C1BE89006AF785 /* appSwiftUI */ = {
			isa = PBXGroup;
			children = (
				592967F323C1BE89006AF785 /* AppDelegate.swift */,
				592967F523C1BE89006AF785 /* SceneDelegate.swift */,
				592967F723C1BE89006AF785 /* ContentView.swift */,
				592967F923C1BE8B006AF785 /* Assets.xcassets */,
				592967FE23C1BE8B006AF785 /* LaunchScreen.storyboard */,
				5929680123C1BE8B006AF785 /* Info.plist */,
				592967FB23C1BE8B006AF785 /* Preview Content */,
			);
			path = appSwiftUI;
			sourceTree = "<group>";
		};
		592967FB23C1BE8B006AF785 /* Preview Content */ = {
			isa = PBXGroup;
			children = (
				592967FC23C1BE8B006AF785 /* Preview Assets.xcassets */,
			);
			path = "Preview Content";
			sourceTree = "<group>";
		};
		5929680923C1BE8B006AF785 /* appSwiftUITests */ = {
			isa = PBXGroup;
			children = (
				5929680A23C1BE8B006AF785 /* appSwiftUITests.swift */,
				5929680C23C1BE8B006AF785 /* Info.plist */,
			);
			path = appSwiftUITests;
			sourceTree = "<group>";
		};
		5929681423C1BE8B006AF785 /* appSwiftUIUITests */ = {
			isa = PBXGroup;
			children = (
				5929681523C1BE8B006AF785 /* appSwiftUIUITests.swift */,
				5929681723C1BE8B006AF785 /* Info.plist */,
			);
			path = appSwiftUIUITests;
			sourceTree = "<group>";
		};
/* End PBXGroup section */

/* Begin PBXNativeTarget section */
		592967EF23C1BE89006AF785 /* appSwiftUI */ = {
			isa = PBXNativeTarget;
			buildConfigurationList = 5929681A23C1BE8B006AF785 /* Build configuration list for PBXNativeTarget "appSwiftUI" */;
			buildPhases = (
				592967EC23C1BE89006AF785 /* Sources */,
				592967ED23C1BE89006AF785 /* Frameworks */,
				592967EE23C1BE89006AF785 /* Resources */,
			);
			buildRules = (
			);
			dependencies = (
			);
			name = appSwiftUI;
			productName = appSwiftUI;
			productReference = 592967F023C1BE89006AF785 /* appSwiftUI.app */;
			productType = "com.apple.product-type.application";
		};
		5929680523C1BE8B006AF785 /* appSwiftUITests */ = {
			isa = PBXNativeTarget;
			buildConfigurationList = 5929681D23C1BE8B006AF785 /* Build configuration list for PBXNativeTarget "appSwiftUITests" */;
			buildPhases = (
				5929680223C1BE8B006AF785 /* Sources */,
				5929680323C1BE8B006AF785 /* Frameworks */,
				5929680423C1BE8B006AF785 /* Resources */,
			);
			buildRules = (
			);
			dependencies = (
				5929680823C1BE8B006AF785 /* PBXTargetDependency */,
			);
			name = appSwiftUITests;
			productName = appSwiftUITests;
			productReference = 5929680623C1BE8B006AF785 /* appSwiftUITests.xctest */;
			productType = "com.apple.product-type.bundle.unit-test";
		};
		5929681023C1BE8B006AF785 /* appSwiftUIUITests */ = {
			isa = PBXNativeTarget;
			buildConfigurationList = 5929682023C1BE8B006AF785 /* Build configuration list for PBXNativeTarget "appSwiftUIUITests" */;
			buildPhases = (
				5929680D23C1BE8B006AF785 /* Sources */,
				5929680E23C1BE8B006AF785 /* Frameworks */,
				5929680F23C1BE8B006AF785 /* Resources */,
			);
			buildRules = (
			);
			dependencies = (
				5929681323C1BE8B006AF785 /* PBXTargetDependency */,
			);
			name = appSwiftUIUITests;
			productName = appSwiftUIUITests;
			productReference = 5929681123C1BE8B006AF785 /* appSwiftUIUITests.xctest */;
			productType = "com.apple.product-type.bundle.ui-testing";
		};
/* End PBXNativeTarget section */

/* Begin PBXProject section */
		592967E823C1BE89006AF785 /* Project object */ = {
			isa = PBXProject;
			attributes = {
				LastSwiftUpdateCheck = 1130;
				LastUpgradeCheck = 1130;
				ORGANIZATIONNAME = Javi;
				TargetAttributes = {
					592967EF23C1BE89006AF785 = {
						CreatedOnToolsVersion = 11.3;
					};
					5929680523C1BE8B006AF785 = {
						CreatedOnToolsVersion = 11.3;
						TestTargetID = 592967EF23C1BE89006AF785;
					};
					5929681023C1BE8B006AF785 = {
						CreatedOnToolsVersion = 11.3;
						TestTargetID = 592967EF23C1BE89006AF785;
					};
				};
			};
			buildConfigurationList = 592967EB23C1BE89006AF785 /* Build configuration list for PBXProject "appSwiftUI" */;
			compatibilityVersion = "Xcode 9.3";
			developmentRegion = en;
			hasScannedForEncodings = 0;
			knownRegions = (
				en,
				Base,
			);
			mainGroup = 592967E723C1BE89006AF785;
			productRefGroup = 592967F123C1BE89006AF785 /* Products */;
			projectDirPath = "";
			projectRoot = "";
			targets = (
				592967EF23C1BE89006AF785 /* appSwiftUI */,
				5929680523C1BE8B006AF785 /* appSwiftUITests */,
				5929681023C1BE8B006AF785 /* appSwiftUIUITests */,
			);
		};
/* End PBXProject section */

/* Begin PBXResourcesBuildPhase section */
		592967EE23C1BE89006AF785 /* Resources */ = {
			isa = PBXResourcesBuildPhase;
			buildActionMask = 2147483647;
			files = (
				5929680023C1BE8B006AF785 /* LaunchScreen.storyboard in Resources */,
				592967FD23C1BE8B006AF785 /* Preview Assets.xcassets in Resources */,
				592967FA23C1BE8B006AF785 /* Assets.xcassets in Resources */,
			);
			runOnlyForDeploymentPostprocessing = 0;
		};
		5929680423C1BE8B006AF785 /* Resources */ = {
			isa = PBXResourcesBuildPhase;
			buildActionMask = 2147483647;
			files = (
			);
			runOnlyForDeploymentPostprocessing = 0;
		};
		5929680F23C1BE8B006AF785 /* Resources */ = {
			isa = PBXResourcesBuildPhase;
			buildActionMask = 2147483647;
			files = (
			);
			runOnlyForDeploymentPostprocessing = 0;
		};
/* End PBXResourcesBuildPhase section */

/* Begin PBXSourcesBuildPhase section */
		592967EC23C1BE89006AF785 /* Sources */ = {
			isa = PBXSourcesBuildPhase;
			buildActionMask = 2147483647;
			files = (
				592967F423C1BE89006AF785 /* AppDelegate.swift in Sources */,
				592967F623C1BE89006AF785 /* SceneDelegate.swift in Sources */,
				592967F823C1BE89006AF785 /* ContentView.swift in Sources */,
			);
			runOnlyForDeploymentPostprocessing = 0;
		};
		5929680223C1BE8B006AF785 /* Sources */ = {
			isa = PBXSourcesBuildPhase;
			buildActionMask = 2147483647;
			files = (
				5929680B23C1BE8B006AF785 /* appSwiftUITests.swift in Sources */,
			);
			runOnlyForDeploymentPostprocessing = 0;
		};
		5929680D23C1BE8B006AF785 /* Sources */ = {
			isa = PBXSourcesBuildPhase;
			buildActionMask = 2147483647;
			files = (
				5929681623C1BE8B006AF785 /* appSwiftUIUITests.swift in Sources */,
			);
			runOnlyForDeploymentPostprocessing = 0;
		};
/* End PBXSourcesBuildPhase section */

/* Begin PBXTargetDependency section */
		5929680823C1BE8B006AF785 /* PBXTargetDependency */ = {
			isa = PBXTargetDependency;
			target = 592967EF23C1BE89006AF785 /* appSwiftUI */;
			targetProxy = 5929680723C1BE8B006AF785 /* PBXContainerItemProxy */;
		};
		5929681323C1BE8B006AF785 /* PBXTargetDependency */ = {
			isa = PBXTargetDependency;
			target = 592967EF23C1BE89006AF785 /* appSwiftUI */;
			targetProxy = 5929681223C1BE8B006AF785 /* PBXContainerItemProxy */;
		};
/* End PBXTargetDependency section */

/* Begin PBXVariantGroup section */
		592967FE23C1BE8B006AF785 /* LaunchScreen.storyboard */ = {
			isa = PBXVariantGroup;
			children = (
				592967FF23C1BE8B006AF785 /* Base */,
			);
			name = LaunchScreen.storyboard;
			sourceTree = "<group>";
		};
/* End PBXVariantGroup section */

/* Begin XCBuildConfiguration section */
		5929681823C1BE8B006AF785 /* Debug */ = {
			isa = XCBuildConfiguration;
			buildSettings = {
				ALWAYS_SEARCH_USER_PATHS = NO;
				CLANG_ANALYZER_NONNULL = YES;
				CLANG_ANALYZER_NUMBER_OBJECT_CONVERSION = YES_AGGRESSIVE;
				CLANG_CXX_LANGUAGE_STANDARD = "gnu++14";
				CLANG_CXX_LIBRARY = "libc++";
				CLANG_ENABLE_MODULES = YES;
				CLANG_ENABLE_OBJC_ARC = YES;
				CLANG_ENABLE_OBJC_WEAK = YES;
				CLANG_WARN_BLOCK_CAPTURE_AUTORELEASING = YES;
				CLANG_WARN_BOOL_CONVERSION = YES;
				CLANG_WARN_COMMA = YES;
				CLANG_WARN_CONSTANT_CONVERSION = YES;
				CLANG_WARN_DEPRECATED_OBJC_IMPLEMENTATIONS = YES;
				CLANG_WARN_DIRECT_OBJC_ISA_USAGE = YES_ERROR;
				CLANG_WARN_DOCUMENTATION_COMMENTS = YES;
				CLANG_WARN_EMPTY_BODY = YES;
				CLANG_WARN_ENUM_CONVERSION = YES;
				CLANG_WARN_INFINITE_RECURSION = YES;
				CLANG_WARN_INT_CONVERSION = YES;
				CLANG_WARN_NON_LITERAL_NULL_CONVERSION = YES;
				CLANG_WARN_OBJC_IMPLICIT_RETAIN_SELF = YES;
				CLANG_WARN_OBJC_LITERAL_CONVERSION = YES;
				CLANG_WARN_OBJC_ROOT_CLASS = YES_ERROR;
				CLANG_WARN_RANGE_LOOP_ANALYSIS = YES;
				CLANG_WARN_STRICT_PROTOTYPES = YES;
				CLANG_WARN_SUSPICIOUS_MOVE = YES;
				CLANG_WARN_UNGUARDED_AVAILABILITY = YES_AGGRESSIVE;
				CLANG_WARN_UNREACHABLE_CODE = YES;
				CLANG_WARN__DUPLICATE_METHOD_MATCH = YES;
				COPY_PHASE_STRIP = NO;
				DEBUG_INFORMATION_FORMAT = dwarf;
				ENABLE_STRICT_OBJC_MSGSEND = YES;
				ENABLE_TESTABILITY = YES;
				GCC_C_LANGUAGE_STANDARD = gnu11;
				GCC_DYNAMIC_NO_PIC = NO;
				GCC_NO_COMMON_BLOCKS = YES;
				GCC_OPTIMIZATION_LEVEL = 0;
				GCC_PREPROCESSOR_DEFINITIONS = (
					"DEBUG=1",
					"$(inherited)",
				);
				GCC_WARN_64_TO_32_BIT_CONVERSION = YES;
				GCC_WARN_ABOUT_RETURN_TYPE = YES_ERROR;
				GCC_WARN_UNDECLARED_SELECTOR = YES;
				GCC_WARN_UNINITIALIZED_AUTOS = YES_AGGRESSIVE;
				GCC_WARN_UNUSED_FUNCTION = YES;
				GCC_WARN_UNUSED_VARIABLE = YES;
				IPHONEOS_DEPLOYMENT_TARGET = 13.2;
				MTL_ENABLE_DEBUG_INFO = INCLUDE_SOURCE;
				MTL_FAST_MATH = YES;
				ONLY_ACTIVE_ARCH = YES;
				SDKROOT = iphoneos;
				SWIFT_ACTIVE_COMPILATION_CONDITIONS = DEBUG;
				SWIFT_OPTIMIZATION_LEVEL = "-Onone";
			};
			name = Debug;
		};
		5929681923C1BE8B006AF785 /* Release */ = {
			isa = XCBuildConfiguration;
			buildSettings = {
				ALWAYS_SEARCH_USER_PATHS = NO;
				CLANG_ANALYZER_NONNULL = YES;
				CLANG_ANALYZER_NUMBER_OBJECT_CONVERSION = YES_AGGRESSIVE;
				CLANG_CXX_LANGUAGE_STANDARD = "gnu++14";
				CLANG_CXX_LIBRARY = "libc++";
				CLANG_ENABLE_MODULES = YES;
				CLANG_ENABLE_OBJC_ARC = YES;
				CLANG_ENABLE_OBJC_WEAK = YES;
				CLANG_WARN_BLOCK_CAPTURE_AUTORELEASING = YES;
				CLANG_WARN_BOOL_CONVERSION = YES;
				CLANG_WARN_COMMA = YES;
				CLANG_WARN_CONSTANT_CONVERSION = YES;
				CLANG_WARN_DEPRECATED_OBJC_IMPLEMENTATIONS = YES;
				CLANG_WARN_DIRECT_OBJC_ISA_USAGE = YES_ERROR;
				CLANG_WARN_DOCUMENTATION_COMMENTS = YES;
				CLANG_WARN_EMPTY_BODY = YES;
				CLANG_WARN_ENUM_CONVERSION = YES;
				CLANG_WARN_INFINITE_RECURSION = YES;
				CLANG_WARN_INT_CONVERSION = YES;
				CLANG_WARN_NON_LITERAL_NULL_CONVERSION = YES;
				CLANG_WARN_OBJC_IMPLICIT_RETAIN_SELF = YES;
				CLANG_WARN_OBJC_LITERAL_CONVERSION = YES;
				CLANG_WARN_OBJC_ROOT_CLASS = YES_ERROR;
				CLANG_WARN_RANGE_LOOP_ANALYSIS = YES;
				CLANG_WARN_STRICT_PROTOTYPES = YES;
				CLANG_WARN_SUSPICIOUS_MOVE = YES;
				CLANG_WARN_UNGUARDED_AVAILABILITY = YES_AGGRESSIVE;
				CLANG_WARN_UNREACHABLE_CODE = YES;
				CLANG_WARN__DUPLICATE_METHOD_MATCH = YES;
				COPY_PHASE_STRIP = NO;
				DEBUG_INFORMATION_FORMAT = "dwarf-with-dsym";
				ENABLE_NS_ASSERTIONS = NO;
				ENABLE_STRICT_OBJC_MSGSEND = YES;
				GCC_C_LANGUAGE_STANDARD = gnu11;
				GCC_NO_COMMON_BLOCKS = YES;
				GCC_WARN_64_TO_32_BIT_CONVERSION = YES;
				GCC_WARN_ABOUT_RETURN_TYPE = YES_ERROR;
				GCC_WARN_UNDECLARED_SELECTOR = YES;
				GCC_WARN_UNINITIALIZED_AUTOS = YES_AGGRESSIVE;
				GCC_WARN_UNUSED_FUNCTION = YES;
				GCC_WARN_UNUSED_VARIABLE = YES;
				IPHONEOS_DEPLOYMENT_TARGET = 13.2;
				MTL_ENABLE_DEBUG_INFO = NO;
				MTL_FAST_MATH = YES;
				SDKROOT = iphoneos;
				SWIFT_COMPILATION_MODE = wholemodule;
				SWIFT_OPTIMIZATION_LEVEL = "-O";
				VALIDATE_PRODUCT = YES;
			};
			name = Release;
		};
		5929681B23C1BE8B006AF785 /* Debug */ = {
			isa = XCBuildConfiguration;
			buildSettings = {
				ASSETCATALOG_COMPILER_APPICON_NAME = AppIcon;
				CODE_SIGN_STYLE = Automatic;
				DEVELOPMENT_ASSET_PATHS = "\"appSwiftUI/Preview Content\"";
				ENABLE_PREVIEWS = YES;
				INFOPLIST_FILE = appSwiftUI/Info.plist;
				LD_RUNPATH_SEARCH_PATHS = (
					"$(inherited)",
					"@executable_path/Frameworks",
				);
				PRODUCT_BUNDLE_IDENTIFIER = JaviGayon.appSwiftUI;
				PRODUCT_NAME = "$(TARGET_NAME)";
				SWIFT_VERSION = 5.0;
				TARGETED_DEVICE_FAMILY = "1,2";
			};
			name = Debug;
		};
		5929681C23C1BE8B006AF785 /* Release */ = {
			isa = XCBuildConfiguration;
			buildSettings = {
				ASSETCATALOG_COMPILER_APPICON_NAME = AppIcon;
				CODE_SIGN_STYLE = Automatic;
				DEVELOPMENT_ASSET_PATHS = "\"appSwiftUI/Preview Content\"";
				ENABLE_PREVIEWS = YES;
				INFOPLIST_FILE = appSwiftUI/Info.plist;
				LD_RUNPATH_SEARCH_PATHS = (
					"$(inherited)",
					"@executable_path/Frameworks",
				);
				PRODUCT_BUNDLE_IDENTIFIER = JaviGayon.appSwiftUI;
				PRODUCT_NAME = "$(TARGET_NAME)";
				SWIFT_VERSION = 5.0;
				TARGETED_DEVICE_FAMILY = "1,2";
			};
			name = Release;
		};
		5929681E23C1BE8B006AF785 /* Debug */ = {
			isa = XCBuildConfiguration;
			buildSettings = {
				ALWAYS_EMBED_SWIFT_STANDARD_LIBRARIES = YES;
				BUNDLE_LOADER = "$(TEST_HOST)";
				CODE_SIGN_STYLE = Automatic;
				INFOPLIST_FILE = appSwiftUITests/Info.plist;
				IPHONEOS_DEPLOYMENT_TARGET = 13.2;
				LD_RUNPATH_SEARCH_PATHS = (
					"$(inherited)",
					"@executable_path/Frameworks",
					"@loader_path/Frameworks",
				);
				PRODUCT_BUNDLE_IDENTIFIER = JaviGayon.appSwiftUITests;
				PRODUCT_NAME = "$(TARGET_NAME)";
				SWIFT_VERSION = 5.0;
				TARGETED_DEVICE_FAMILY = "1,2";
				TEST_HOST = "$(BUILT_PRODUCTS_DIR)/appSwiftUI.app/appSwiftUI";
			};
			name = Debug;
		};
		5929681F23C1BE8B006AF785 /* Release */ = {
			isa = XCBuildConfiguration;
			buildSettings = {
				ALWAYS_EMBED_SWIFT_STANDARD_LIBRARIES = YES;
				BUNDLE_LOADER = "$(TEST_HOST)";
				CODE_SIGN_STYLE = Automatic;
				INFOPLIST_FILE = appSwiftUITests/Info.plist;
				IPHONEOS_DEPLOYMENT_TARGET = 13.2;
				LD_RUNPATH_SEARCH_PATHS = (
					"$(inherited)",
					"@executable_path/Frameworks",
					"@loader_path/Frameworks",
				);
				PRODUCT_BUNDLE_IDENTIFIER = JaviGayon.appSwiftUITests;
				PRODUCT_NAME = "$(TARGET_NAME)";
				SWIFT_VERSION = 5.0;
				TARGETED_DEVICE_FAMILY = "1,2";
				TEST_HOST = "$(BUILT_PRODUCTS_DIR)/appSwiftUI.app/appSwiftUI";
			};
			name = Release;
		};
		5929682123C1BE8B006AF785 /* Debug */ = {
			isa = XCBuildConfiguration;
			buildSettings = {
				ALWAYS_EMBED_SWIFT_STANDARD_LIBRARIES = YES;
				CODE_SIGN_STYLE = Automatic;
				INFOPLIST_FILE = appSwiftUIUITests/Info.plist;
				LD_RUNPATH_SEARCH_PATHS = (
					"$(inherited)",
					"@executable_path/Frameworks",
					"@loader_path/Frameworks",
				);
				PRODUCT_BUNDLE_IDENTIFIER = JaviGayon.appSwiftUIUITests;
				PRODUCT_NAME = "$(TARGET_NAME)";
				SWIFT_VERSION = 5.0;
				TARGETED_DEVICE_FAMILY = "1,2";
				TEST_TARGET_NAME = appSwiftUI;
			};
			name = Debug;
		};
		5929682223C1BE8B006AF785 /* Release */ = {
			isa = XCBuildConfiguration;
			buildSettings = {
				ALWAYS_EMBED_SWIFT_STANDARD_LIBRARIES = YES;
				CODE_SIGN_STYLE = Automatic;
				INFOPLIST_FILE = appSwiftUIUITests/Info.plist;
				LD_RUNPATH_SEARCH_PATHS = (
					"$(inherited)",
					"@executable_path/Frameworks",
					"@loader_path/Frameworks",
				);
				PRODUCT_BUNDLE_IDENTIFIER = JaviGayon.appSwiftUIUITests;
				PRODUCT_NAME = "$(TARGET_NAME)";
				SWIFT_VERSION = 5.0;
				TARGETED_DEVICE_FAMILY = "1,2";
				TEST_TARGET_NAME = appSwiftUI;
			};
			name = Release;
		};
/* End XCBuildConfiguration section */

/* Begin XCConfigurationList section */
		592967EB23C1BE89006AF785 /* Build configuration list for PBXProject "appSwiftUI" */ = {
			isa = XCConfigurationList;
			buildConfigurations = (
				5929681823C1BE8B006AF785 /* Debug */,
				5929681923C1BE8B006AF785 /* Release */,
			);
			defaultConfigurationIsVisible = 0;
			defaultConfigurationName = Release;
		};
		5929681A23C1BE8B006AF785 /* Build configuration list for PBXNativeTarget "appSwiftUI" */ = {
			isa = XCConfigurationList;
			buildConfigurations = (
				5929681B23C1BE8B006AF785 /* Debug */,
				5929681C23C1BE8B006AF785 /* Release */,
			);
			defaultConfigurationIsVisible = 0;
			defaultConfigurationName = Release;
		};
		5929681D23C1BE8B006AF785 /* Build configuration list for PBXNativeTarget "appSwiftUITests" */ = {
			isa = XCConfigurationList;
			buildConfigurations = (
				5929681E23C1BE8B006AF785 /* Debug */,
				5929681F23C1BE8B006AF785 /* Release */,
			);
			defaultConfigurationIsVisible = 0;
			defaultConfigurationName = Release;
		};
		5929682023C1BE8B006AF785 /* Build configuration list for PBXNativeTarget "appSwiftUIUITests" */ = {
			isa = XCConfigurationList;
			buildConfigurations = (
				5929682123C1BE8B006AF785 /* Debug */,
				5929682223C1BE8B006AF785 /* Release */,
			);
			defaultConfigurationIsVisible = 0;
			defaultConfigurationName = Release;
		};
/* End XCConfigurationList section */
	};
	rootObject = 592967E823C1BE89006AF785 /* Project object */;
}
